<?xml version="1.0" encoding="utf-8"?>
<Project ToolsVersion="4.0" xmlns="http://schemas.microsoft.com/developer/msbuild/2003">
  <ItemGroup>
    <Filter Include="Pliki źródłowe">
      <UniqueIdentifier>{4FC737F1-C7A5-4376-A066-2A32D752A2FF}</UniqueIdentifier>
      <Extensions>cpp;c;cc;cxx;c++;cppm;ixx;def;odl;idl;hpj;bat;asm;asmx</Extensions>
    </Filter>
    <Filter Include="Pliki nagłówkowe">
      <UniqueIdentifier>{93995380-89BD-4b04-88EB-625FBE52EBFB}</UniqueIdentifier>
      <Extensions>h;hh;hpp;hxx;h++;hm;inl;inc;ipp;xsd</Extensions>
    </Filter>
    <Filter Include="Pliki zasobów">
      <UniqueIdentifier>{67DA6AB6-F800-4c08-8B7A-83BB121AAD01}</UniqueIdentifier>
      <Extensions>rc;ico;cur;bmp;dlg;rc2;rct;bin;rgs;gif;jpg;jpeg;jpe;resx;tiff;tif;png;wav;mfcribbon-ms</Extensions>
    </Filter>
    <Filter Include="Pliki źródłowe\lua">
      <UniqueIdentifier>{5a783f7a-79f8-4f2c-b4dc-9a4a15174396}</UniqueIdentifier>
    </Filter>
    <Filter Include="Pliki źródłowe\Scripting">
      <UniqueIdentifier>{91ad15c2-c311-4cfb-a4a8-90d13be0d94c}</UniqueIdentifier>
    </Filter>
    <Filter Include="Pliki źródłowe\Scripting\Mouse">
      <UniqueIdentifier>{8807dc66-5f73-497a-87ba-c51eaa813d8a}</UniqueIdentifier>
    </Filter>
    <Filter Include="Pliki źródłowe\Scripting\Keyboard">
      <UniqueIdentifier>{ea708e14-592b-4ddb-b5a1-dd602cd9b9b3}</UniqueIdentifier>
    </Filter>
    <Filter Include="Pliki źródłowe\Scripting\LuaConsole">
      <UniqueIdentifier>{69942f26-1d20-4c14-a150-135da8a6c8c3}</UniqueIdentifier>
    </Filter>
    <Filter Include="Pliki źródłowe\Scripting\KeyCodes">
      <UniqueIdentifier>{d9ff11eb-043f-4197-80bb-a4ba0774265f}</UniqueIdentifier>
    </Filter>
    <Filter Include="Pliki źródłowe\Scripting\Screen">
      <UniqueIdentifier>{53da2855-0783-4401-b940-5f7f7e88172d}</UniqueIdentifier>
    </Filter>
    <Filter Include="Pliki źródłowe\Scripting\Engine">
      <UniqueIdentifier>{3c6f9939-818d-44d6-972b-714857e3b786}</UniqueIdentifier>
    </Filter>
  </ItemGroup>
  <ItemGroup>
    <ClCompile Include="LuaEngine.cpp">
      <Filter>Pliki źródłowe</Filter>
    </ClCompile>
    <ClCompile Include="lua\lbaselib.c">
      <Filter>Pliki źródłowe\lua</Filter>
    </ClCompile>
    <ClCompile Include="lua\lcode.c">
      <Filter>Pliki źródłowe\lua</Filter>
    </ClCompile>
    <ClCompile Include="lua\lcorolib.c">
      <Filter>Pliki źródłowe\lua</Filter>
    </ClCompile>
    <ClCompile Include="lua\lctype.c">
      <Filter>Pliki źródłowe\lua</Filter>
    </ClCompile>
    <ClCompile Include="lua\ldblib.c">
      <Filter>Pliki źródłowe\lua</Filter>
    </ClCompile>
    <ClCompile Include="lua\ldebug.c">
      <Filter>Pliki źródłowe\lua</Filter>
    </ClCompile>
    <ClCompile Include="lua\ldo.c">
      <Filter>Pliki źródłowe\lua</Filter>
    </ClCompile>
    <ClCompile Include="lua\ldump.c">
      <Filter>Pliki źródłowe\lua</Filter>
    </ClCompile>
    <ClCompile Include="lua\lfunc.c">
      <Filter>Pliki źródłowe\lua</Filter>
    </ClCompile>
    <ClCompile Include="lua\lgc.c">
      <Filter>Pliki źródłowe\lua</Filter>
    </ClCompile>
    <ClCompile Include="lua\linit.c">
      <Filter>Pliki źródłowe\lua</Filter>
    </ClCompile>
    <ClCompile Include="lua\liolib.c">
      <Filter>Pliki źródłowe\lua</Filter>
    </ClCompile>
    <ClCompile Include="lua\llex.c">
      <Filter>Pliki źródłowe\lua</Filter>
    </ClCompile>
    <ClCompile Include="lua\lmathlib.c">
      <Filter>Pliki źródłowe\lua</Filter>
    </ClCompile>
    <ClCompile Include="lua\lmem.c">
      <Filter>Pliki źródłowe\lua</Filter>
    </ClCompile>
    <ClCompile Include="lua\loadlib.c">
      <Filter>Pliki źródłowe\lua</Filter>
    </ClCompile>
    <ClCompile Include="lua\lobject.c">
      <Filter>Pliki źródłowe\lua</Filter>
    </ClCompile>
    <ClCompile Include="lua\lopcodes.c">
      <Filter>Pliki źródłowe\lua</Filter>
    </ClCompile>
    <ClCompile Include="lua\loslib.c">
      <Filter>Pliki źródłowe\lua</Filter>
    </ClCompile>
    <ClCompile Include="lua\lparser.c">
      <Filter>Pliki źródłowe\lua</Filter>
    </ClCompile>
    <ClCompile Include="lua\lstate.c">
      <Filter>Pliki źródłowe\lua</Filter>
    </ClCompile>
    <ClCompile Include="lua\lstring.c">
      <Filter>Pliki źródłowe\lua</Filter>
    </ClCompile>
    <ClCompile Include="lua\lstrlib.c">
      <Filter>Pliki źródłowe\lua</Filter>
    </ClCompile>
    <ClCompile Include="lua\ltable.c">
      <Filter>Pliki źródłowe\lua</Filter>
    </ClCompile>
    <ClCompile Include="lua\ltablib.c">
      <Filter>Pliki źródłowe\lua</Filter>
    </ClCompile>
    <ClCompile Include="lua\ltm.c">
      <Filter>Pliki źródłowe\lua</Filter>
    </ClCompile>
    <ClCompile Include="lua\lua.c">
      <Filter>Pliki źródłowe\lua</Filter>
    </ClCompile>
    <ClCompile Include="lua\luac.c">
      <Filter>Pliki źródłowe\lua</Filter>
    </ClCompile>
    <ClCompile Include="lua\lundump.c">
      <Filter>Pliki źródłowe\lua</Filter>
    </ClCompile>
    <ClCompile Include="lua\lutf8lib.c">
      <Filter>Pliki źródłowe\lua</Filter>
    </ClCompile>
    <ClCompile Include="lua\lvm.c">
      <Filter>Pliki źródłowe\lua</Filter>
    </ClCompile>
    <ClCompile Include="lua\lzio.c">
      <Filter>Pliki źródłowe\lua</Filter>
    </ClCompile>
    <ClCompile Include="lua\lapi.c">
      <Filter>Pliki źródłowe\lua</Filter>
    </ClCompile>
    <ClCompile Include="lua\lauxlib.c">
      <Filter>Pliki źródłowe\lua</Filter>
    </ClCompile>
    <ClCompile Include="CLua.cpp">
      <Filter>Pliki źródłowe</Filter>
    </ClCompile>
    <ClCompile Include="CConsole.cpp">
      <Filter>Pliki źródłowe</Filter>
    </ClCompile>
    <ClCompile Include="Mouse.cpp">
      <Filter>Pliki źródłowe\Scripting\Mouse</Filter>
    </ClCompile>
    <ClCompile Include="Keyboard.cpp">
      <Filter>Pliki źródłowe\Scripting\Keyboard</Filter>
    </ClCompile>
    <ClCompile Include="LuaConsole.cpp">
      <Filter>Pliki źródłowe\Scripting\LuaConsole</Filter>
    </ClCompile>
    <ClCompile Include="KeyCodes.cpp">
      <Filter>Pliki źródłowe\Scripting\KeyCodes</Filter>
    </ClCompile>
    <ClCompile Include="Screen.cpp">
      <Filter>Pliki źródłowe\Scripting\Screen</Filter>
    </ClCompile>
    <ClCompile Include="Engine.cpp">
      <Filter>Pliki źródłowe\Scripting\Engine</Filter>
    </ClCompile>
  </ItemGroup>
  <ItemGroup>
    <ClInclude Include="lua\lcode.h">
      <Filter>Pliki źródłowe\lua</Filter>
    </ClInclude>
    <ClInclude Include="lua\lctype.h">
      <Filter>Pliki źródłowe\lua</Filter>
    </ClInclude>
    <ClInclude Include="lua\ldebug.h">
      <Filter>Pliki źródłowe\lua</Filter>
    </ClInclude>
    <ClInclude Include="lua\ldo.h">
      <Filter>Pliki źródłowe\lua</Filter>
    </ClInclude>
    <ClInclude Include="lua\lfunc.h">
      <Filter>Pliki źródłowe\lua</Filter>
    </ClInclude>
    <ClInclude Include="lua\lgc.h">
      <Filter>Pliki źródłowe\lua</Filter>
    </ClInclude>
    <ClInclude Include="lua\ljumptab.h">
      <Filter>Pliki źródłowe\lua</Filter>
    </ClInclude>
    <ClInclude Include="lua\llex.h">
      <Filter>Pliki źródłowe\lua</Filter>
    </ClInclude>
    <ClInclude Include="lua\llimits.h">
      <Filter>Pliki źródłowe\lua</Filter>
    </ClInclude>
    <ClInclude Include="lua\lmem.h">
      <Filter>Pliki źródłowe\lua</Filter>
    </ClInclude>
    <ClInclude Include="lua\lobject.h">
      <Filter>Pliki źródłowe\lua</Filter>
    </ClInclude>
    <ClInclude Include="lua\lopcodes.h">
      <Filter>Pliki źródłowe\lua</Filter>
    </ClInclude>
    <ClInclude Include="lua\lopnames.h">
      <Filter>Pliki źródłowe\lua</Filter>
    </ClInclude>
    <ClInclude Include="lua\lparser.h">
      <Filter>Pliki źródłowe\lua</Filter>
    </ClInclude>
    <ClInclude Include="lua\lprefix.h">
      <Filter>Pliki źródłowe\lua</Filter>
    </ClInclude>
    <ClInclude Include="lua\lstate.h">
      <Filter>Pliki źródłowe\lua</Filter>
    </ClInclude>
    <ClInclude Include="lua\lstring.h">
      <Filter>Pliki źródłowe\lua</Filter>
    </ClInclude>
    <ClInclude Include="lua\ltable.h">
      <Filter>Pliki źródłowe\lua</Filter>
    </ClInclude>
    <ClInclude Include="lua\ltm.h">
      <Filter>Pliki źródłowe\lua</Filter>
    </ClInclude>
    <ClInclude Include="lua\lua.h">
      <Filter>Pliki źródłowe\lua</Filter>
    </ClInclude>
    <ClInclude Include="lua\lua.hpp">
      <Filter>Pliki źródłowe\lua</Filter>
    </ClInclude>
    <ClInclude Include="lua\luaconf.h">
      <Filter>Pliki źródłowe\lua</Filter>
    </ClInclude>
    <ClInclude Include="lua\lualib.h">
      <Filter>Pliki źródłowe\lua</Filter>
    </ClInclude>
    <ClInclude Include="lua\lundump.h">
      <Filter>Pliki źródłowe\lua</Filter>
    </ClInclude>
    <ClInclude Include="lua\lvm.h">
      <Filter>Pliki źródłowe\lua</Filter>
    </ClInclude>
    <ClInclude Include="lua\lzio.h">
      <Filter>Pliki źródłowe\lua</Filter>
    </ClInclude>
    <ClInclude Include="lua\lapi.h">
      <Filter>Pliki źródłowe\lua</Filter>
    </ClInclude>
    <ClInclude Include="lua\lauxlib.h">
      <Filter>Pliki źródłowe\lua</Filter>
    </ClInclude>
    <ClInclude Include="includes.h">
      <Filter>Pliki nagłówkowe</Filter>
    </ClInclude>
    <ClInclude Include="CLua.h">
      <Filter>Pliki nagłówkowe</Filter>
    </ClInclude>
    <ClInclude Include="CConsole.h">
      <Filter>Pliki nagłówkowe</Filter>
    </ClInclude>
    <ClInclude Include="Mouse.h">
      <Filter>Pliki źródłowe\Scripting\Mouse</Filter>
    </ClInclude>
    <ClInclude Include="Keyboard.h">
      <Filter>Pliki źródłowe\Scripting\Keyboard</Filter>
    </ClInclude>
    <ClInclude Include="LuaConsole.h">
      <Filter>Pliki źródłowe\Scripting\LuaConsole</Filter>
    </ClInclude>
    <ClInclude Include="KeyCodes.h">
      <Filter>Pliki źródłowe\Scripting\KeyCodes</Filter>
    </ClInclude>
    <ClInclude Include="Screen.h">
      <Filter>Pliki źródłowe\Scripting\Screen</Filter>
    </ClInclude>
    <ClInclude Include="Engine.h">
      <Filter>Pliki źródłowe\Scripting\Engine</Filter>
    </ClInclude>
  </ItemGroup>
  <ItemGroup>
    <None Include="lua\Makefile">
      <Filter>Pliki źródłowe\lua</Filter>
    </None>
  </ItemGroup>
</Project>